
Microsoft Visual Studio Solution File, Format Version 12.00
# Visual Studio 14
VisualStudioVersion = 14.0.25420.1
MinimumVisualStudioVersion = 10.0.40219.1
Project("{FAE04EC0-301F-11D3-BF4B-00C04F79EFBC}") = "Calculator", "SimpleCalculator\Calculator.csproj", "{3FED22C8-494A-4FBE-91BE-BBC898B1A34A}"
EndProject
Project("{FAE04EC0-301F-11D3-BF4B-00C04F79EFBC}") = "SimpleCalculator.Tests", "SimpleCalculator.Tests\SimpleCalculator.Tests.csproj", "{B50FDB71-0F81-48BD-8A5D-421475ADB054}"
EndProject
Project("{FAE04EC0-301F-11D3-BF4B-00C04F79EFBC}") = "SimpleCalculatorConsole", "SimpleCalculatorConsole\SimpleCalculatorConsole.csproj", "{7104074F-AEEB-407F-804C-1E5C7EFD31D3}"
EndProject
Project("{FAE04EC0-301F-11D3-BF4B-00C04F79EFBC}") = "Repository", "Repository\Repository.csproj", "{CA7E96A7-EBC4-4262-BBB2-3EAB96805F65}"
EndProject
Project("{FAE04EC0-301F-11D3-BF4B-00C04F79EFBC}") = "CalculatorAPI", "CalculatorAPI\CalculatorAPI.csproj", "{A375BE9F-E06C-4875-AE53-E1D4D86A040C}"
EndProject
Global
	GlobalSection(SolutionConfigurationPlatforms) = preSolution
		Debug|Any CPU = Debug|Any CPU
		Release|Any CPU = Release|Any CPU
	EndGlobalSection
	GlobalSection(ProjectConfigurationPlatforms) = postSolution
		{3FED22C8-494A-4FBE-91BE-BBC898B1A34A}.Debug|Any CPU.ActiveCfg = Debug|Any CPU
		{3FED22C8-494A-4FBE-91BE-BBC898B1A34A}.Debug|Any CPU.Build.0 = Debug|Any CPU
		{3FED22C8-494A-4FBE-91BE-BBC898B1A34A}.Release|Any CPU.ActiveCfg = Release|Any CPU
		{3FED22C8-494A-4FBE-91BE-BBC898B1A34A}.Release|Any CPU.Build.0 = Release|Any CPU
		{B50FDB71-0F81-48BD-8A5D-421475ADB054}.Debug|Any CPU.ActiveCfg = Debug|Any CPU
		{B50FDB71-0F81-48BD-8A5D-421475ADB054}.Debug|Any CPU.Build.0 = Debug|Any CPU
		{B50FDB71-0F81-48BD-8A5D-421475ADB054}.Release|Any CPU.ActiveCfg = Release|Any CPU
		{B50FDB71-0F81-48BD-8A5D-421475ADB054}.Release|Any CPU.Build.0 = Release|Any CPU
		{7104074F-AEEB-407F-804C-1E5C7EFD31D3}.Debug|Any CPU.ActiveCfg = Debug|Any CPU
		{7104074F-AEEB-407F-804C-1E5C7EFD31D3}.Debug|Any CPU.Build.0 = Debug|Any CPU
		{7104074F-AEEB-407F-804C-1E5C7EFD31D3}.Release|Any CPU.ActiveCfg = Release|Any CPU
		{7104074F-AEEB-407F-804C-1E5C7EFD31D3}.Release|Any CPU.Build.0 = Release|Any CPU
		{CA7E96A7-EBC4-4262-BBB2-3EAB96805F65}.Debug|Any CPU.ActiveCfg = Debug|Any CPU
		{CA7E96A7-EBC4-4262-BBB2-3EAB96805F65}.Debug|Any CPU.Build.0 = Debug|Any CPU
		{CA7E96A7-EBC4-4262-BBB2-3EAB96805F65}.Release|Any CPU.ActiveCfg = Release|Any CPU
		{CA7E96A7-EBC4-4262-BBB2-3EAB96805F65}.Release|Any CPU.Build.0 = Release|Any CPU
		{A375BE9F-E06C-4875-AE53-E1D4D86A040C}.Debug|Any CPU.ActiveCfg = Debug|Any CPU
		{A375BE9F-E06C-4875-AE53-E1D4D86A040C}.Debug|Any CPU.Build.0 = Debug|Any CPU
		{A375BE9F-E06C-4875-AE53-E1D4D86A040C}.Release|Any CPU.ActiveCfg = Release|Any CPU
		{A375BE9F-E06C-4875-AE53-E1D4D86A040C}.Release|Any CPU.Build.0 = Release|Any CPU
	EndGlobalSection
	GlobalSection(SolutionProperties) = preSolution
		HideSolutionNode = FALSE
	EndGlobalSection
EndGlobal
